PODS:
  - Bolts (1.8.4):
    - Bolts/AppLinks (= 1.8.4)
    - Bolts/Tasks (= 1.8.4)
  - Bolts/AppLinks (1.8.4):
    - Bolts/Tasks
  - Bolts/Tasks (1.8.4)
  - Eureka (4.0.1)
  - FacebookCore (0.3.0):
    - Bolts (~> 1.8)
    - FBSDKCoreKit (~> 4.27)
  - FacebookLogin (0.3.0):
    - Bolts (~> 1.8)
    - FacebookCore (~> 0.3)
    - FBSDKCoreKit (~> 4.27)
    - FBSDKLoginKit (~> 4.27)
  - FacebookShare (0.3.0):
    - Bolts (~> 1.8)
    - FacebookCore (~> 0.3)
    - FBSDKCoreKit (~> 4.27)
    - FBSDKShareKit (~> 4.27)
  - FBSDKCoreKit (4.29.0):
    - Bolts (~> 1.7)
  - FBSDKLoginKit (4.29.0):
    - FBSDKCoreKit
  - FBSDKShareKit (4.29.0):
    - FBSDKCoreKit
  - FontAwesome.swift (1.3.2)
  - GoogleMaps (2.5.0):
    - GoogleMaps/Maps (= 2.5.0)
  - GoogleMaps/Base (2.5.0)
  - GoogleMaps/Maps (2.5.0):
    - GoogleMaps/Base
  - GooglePlacePicker (2.5.0):
    - GoogleMaps (= 2.5.0)
    - GooglePlaces (= 2.5.0)
  - GooglePlaces (2.5.0):
    - GoogleMaps/Base (= 2.5.0)
  - ImageSlideshow (1.4.1):
    - ImageSlideshow/Core (= 1.4.1)
  - ImageSlideshow/Core (1.4.1)
  - IQKeyboardManagerSwift (5.0.7)
  - Mapbox-iOS-SDK (3.7.2)
  - MapboxGeocoder.swift (0.7.0)
  - Material (2.13.0):
    - Material/Core (= 2.13.0)
  - Material/Core (2.13.0):
    - Motion (~> 1.3.0)
  - Motion (1.3.0):
    - Motion/Core (= 1.3.0)
  - Motion/Core (1.3.0)

DEPENDENCIES:
  - Eureka
  - FacebookCore
  - FacebookLogin
  - FacebookShare
  - FontAwesome.swift
  - GoogleMaps
  - GooglePlacePicker
  - GooglePlaces
  - ImageSlideshow (~> 1.4)
  - IQKeyboardManagerSwift
  - Mapbox-iOS-SDK (~> 3.7)
  - MapboxGeocoder.swift (~> 0.7)
  - Material (~> 2.0)

SPEC CHECKSUMS:
  Bolts: 8a7995239dbe724f9cba2248b766d48b7ebdd322
  Eureka: c8bd5cc07143b6f66268c208d28a246c99b41955
  FacebookCore: 3ffa190a3f1f96cec0e44d3fc221bc322c595ffa
  FacebookLogin: 0af839ea858faef99550d16596b87b4a8e8906e6
  FacebookShare: 0469964297ebd75f052be2c5083389a4208e82b7
  FBSDKCoreKit: 6f139173dc63a1deaff4430a55f2fe5bb222d2af
  FBSDKLoginKit: 56a057ca6822535ea0faa25f57a7c41edb697fd4
  FBSDKShareKit: 18a2cd118aef11dd657fe7e8b64bae5c719088b2
  FontAwesome.swift: b4e4c8ccbbecb12f9b592bc533ff237af3706667
  GoogleMaps: c087b8e5dfe87ca6ebf59adb9b4894a4146bec4f
  GooglePlacePicker: 1573e644ab54564d95c2643edc0f29091609e966
  GooglePlaces: dd70d9d71ea1c7944846afe67de3712c99b30a77
  ImageSlideshow: 1bb0e610e28a71e8936d57265d882f61714a470b
  IQKeyboardManagerSwift: 30fb3a61de1af53a95e02b80fb54ed0a19d5ede5
  Mapbox-iOS-SDK: d882f53debc26649b728755df5b7a160d9086367
  MapboxGeocoder.swift: b1277a2ca6a63c1a8edfa82871f5771075b1e015
  Material: eb21f195af9944f4002c219a6dadfc78d0242efc
  Motion: 1dcb3db74e157a4ba79ad99b5d437fe0222f1ddc

PODFILE CHECKSUM: 49ba3270873b842c754e8e0efa5e3fb758242660

COCOAPODS: 1.3.1
